{
  "lockfileVersion": 1,
  "configVersion": 1,
  "workspaces": {
    "": {
      "name": "fibbers",
      "devDependencies": {
        "@iconify-json/solar": "^1.2.10",
        "prettier": "^3",
      },
    },
  },
  "packages": {
    "@iconify-json/solar": ["@iconify-json/solar@1.2.10", "", { "dependencies": { "@iconify/types": "*" } }, "sha512-ChpZ3kNw8nDhHfUoLq5JJ3AdIzytFm57dFkjAS0fjXnL5a7WwibTINjMKfvqQDhuXBrgqejNLyGp8CCpG8UyCg=="],

    "@iconify/types": ["@iconify/types@2.0.0", "", {}, "sha512-+wluvCrRhXrhyOmRDJ3q8mux9JkKy5SJ/v8ol2tu4FVjyYvtEzkc/3pK15ET6RKg4b4w4BmTk1+gsCUhf21Ykg=="],

    "prettier": ["prettier@3.9.6", "", { "bin": { "prettier": "bin/prettier.cjs" } }, "sha512-OpN0zzVdiaiAhxpuuj5efpIS4sY9j7bY6uR5mnj5yPzGkdkjNKSJeUThPb60Jw29QuAZgA4o+/iB49kFiaBX6g=="],
  }
}
